
Microsoft Visual Studio Solution File, Format Version 12.00
# Visual Studio Version 17
VisualStudioVersion = 17.6.33815.320
MinimumVisualStudioVersion = 10.0.40219.1
Project("{FAE04EC0-301F-11D3-BF4B-00C04F79EFBC}") = "2023-07-10 choosing of the colors", "2023-07-10 choosing of the colors\2023-07-10 choosing of the colors.csproj", "{5D8C7EA6-A2E3-40F2-B70D-2310762781CA}"
EndProject
Global
	GlobalSection(SolutionConfigurationPlatforms) = preSolution
		Debug|Any CPU = Debug|Any CPU
		Release|Any CPU = Release|Any CPU
	EndGlobalSection
	GlobalSection(ProjectConfigurationPlatforms) = postSolution
		{5D8C7EA6-A2E3-40F2-B70D-2310762781CA}.Debug|Any CPU.ActiveCfg = Debug|Any CPU
		{5D8C7EA6-A2E3-40F2-B70D-2310762781CA}.Debug|Any CPU.Build.0 = Debug|Any CPU
		{5D8C7EA6-A2E3-40F2-B70D-2310762781CA}.Release|Any CPU.ActiveCfg = Release|Any CPU
		{5D8C7EA6-A2E3-40F2-B70D-2310762781CA}.Release|Any CPU.Build.0 = Release|Any CPU
	EndGlobalSection
	GlobalSection(SolutionProperties) = preSolution
		HideSolutionNode = FALSE
	EndGlobalSection
	GlobalSection(ExtensibilityGlobals) = postSolution
		SolutionGuid = {E1093D16-EE74-4943-8D0F-43DC83B15B68}
	EndGlobalSection
EndGlobal
